
Microsoft Visual Studio Solution File, Format Version 12.00
# Visual Studio Version 17
VisualStudioVersion = 17.14.36310.24 d17.14
MinimumVisualStudioVersion = 10.0.40219.1
Project("{FAE04EC0-301F-11D3-BF4B-00C04F79EFBC}") = "ACTIVITY15. Sliding Window Sum", "ACTIVITY15. Sliding Window Sum.csproj", "{79B749AA-F93A-49EB-AF23-B4B963B356FE}"
EndProject
Global
	GlobalSection(SolutionConfigurationPlatforms) = preSolution
		Debug|Any CPU = Debug|Any CPU
		Release|Any CPU = Release|Any CPU
	EndGlobalSection
	GlobalSection(ProjectConfigurationPlatforms) = postSolution
		{79B749AA-F93A-49EB-AF23-B4B963B356FE}.Debug|Any CPU.ActiveCfg = Debug|Any CPU
		{79B749AA-F93A-49EB-AF23-B4B963B356FE}.Debug|Any CPU.Build.0 = Debug|Any CPU
		{79B749AA-F93A-49EB-AF23-B4B963B356FE}.Release|Any CPU.ActiveCfg = Release|Any CPU
		{79B749AA-F93A-49EB-AF23-B4B963B356FE}.Release|Any CPU.Build.0 = Release|Any CPU
	EndGlobalSection
	GlobalSection(SolutionProperties) = preSolution
		HideSolutionNode = FALSE
	EndGlobalSection
	GlobalSection(ExtensibilityGlobals) = postSolution
		SolutionGuid = {9E5CE935-E92C-46DE-9B1B-73F55F15C461}
	EndGlobalSection
EndGlobal
